dependencies:
- name: postgresql
  repository: oci://registry-1.docker.io/bitnamicharts
  version: 18.7.2
- name: authentik-remote-cluster
  repository: https://charts.goauthentik.io
  version: 2.1.0
digest: sha256:c51982f2f7bf5a8bc4aa6e2ed6874c05281ca9be1968e93884fdcae65080f4a7
generated: "2026-06-06T01:51:22.886748229Z"
