dependencies:
- name: postgresql
  repository: oci://registry-1.docker.io/bitnamicharts
  version: 18.7.3
- name: authentik-remote-cluster
  repository: https://charts.goauthentik.io
  version: 2.1.0
digest: sha256:7b992b3c7a4e4dee681728e5d552bebdcd402a5b06a1b1dfea92fb2caa9a4e8f
generated: "2026-06-09T05:36:21.785188292Z"
