dependencies:
- name: postgresql
  repository: oci://registry-1.docker.io/bitnamicharts
  version: 18.5.16
- name: authentik-remote-cluster
  repository: https://charts.goauthentik.io
  version: 2.1.0
digest: sha256:54cd2b978ecf18d3e4b8cca1d9854778847ef2813012f5cb2591d2fe397d105a
generated: "2026-04-12T11:59:11.21630581Z"
